// !$*UTF8*$!
{
	archiveVersion = 1;
	classes = {
	};
	objectVersion = 50;
	objects = {

/* Begin PBXCopyFilesBuildPhase section */
		431AD72324B61A1200F1C3EB /* CopyFiles */ = {
			isa = PBXCopyFilesBuildPhase;
			buildActionMask = 2147483647;
			dstPath = /usr/share/man/man1/;
			dstSubfolderSpec = 0;
			files = (
			);
			runOnlyForDeploymentPostprocessing = 1;
		};
/* End PBXCopyFilesBuildPhase section */

/* Begin PBXFileReference section */
		430FB7CF24BAE0C0004FCD56 /* BaekJoon1427.cpp */ = {isa = PBXFileReference; lastKnownFileType = sourcecode.cpp.cpp; path = BaekJoon1427.cpp; sourceTree = "<group>"; };
		430FB7D124BAE326004FCD56 /* BaekJoon10989.cpp */ = {isa = PBXFileReference; lastKnownFileType = sourcecode.cpp.cpp; path = BaekJoon10989.cpp; sourceTree = "<group>"; };
		430FB7D324BAE674004FCD56 /* BaekJoon1026.cpp */ = {isa = PBXFileReference; lastKnownFileType = sourcecode.cpp.cpp; path = BaekJoon1026.cpp; sourceTree = "<group>"; };
		430FB7D524BAEFE1004FCD56 /* BaekJoon11650.cpp */ = {isa = PBXFileReference; lastKnownFileType = sourcecode.cpp.cpp; path = BaekJoon11650.cpp; sourceTree = "<group>"; };
		430FB7D824BAF3EE004FCD56 /* BaekJoon1517.cpp */ = {isa = PBXFileReference; lastKnownFileType = sourcecode.cpp.cpp; path = BaekJoon1517.cpp; sourceTree = "<group>"; };
		430FB7DA24BB0A6C004FCD56 /* HeapSort.cpp */ = {isa = PBXFileReference; lastKnownFileType = sourcecode.cpp.cpp; path = HeapSort.cpp; sourceTree = "<group>"; };
		431AD72524B61A1200F1C3EB /* Algorithm */ = {isa = PBXFileReference; explicitFileType = "compiled.mach-o.executable"; includeInIndex = 0; path = Algorithm; sourceTree = BUILT_PRODUCTS_DIR; };
		431AD72824B61A1200F1C3EB /* main.cpp */ = {isa = PBXFileReference; lastKnownFileType = sourcecode.cpp.cpp; path = main.cpp; sourceTree = "<group>"; };
		431AD73324B61A7100F1C3EB /* BubbleSort.cpp */ = {isa = PBXFileReference; lastKnownFileType = sourcecode.cpp.cpp; path = BubbleSort.cpp; sourceTree = "<group>"; };
		431AD73524B61AE200F1C3EB /* Introduce.md */ = {isa = PBXFileReference; lastKnownFileType = net.daringfireball.markdown; path = Introduce.md; sourceTree = "<group>"; };
		431AD73624B61E3B00F1C3EB /* SelectionSort.cpp */ = {isa = PBXFileReference; lastKnownFileType = sourcecode.cpp.cpp; path = SelectionSort.cpp; sourceTree = "<group>"; };
		4320022624D2856B00664D58 /* BaekJoon1546.cpp */ = {isa = PBXFileReference; fileEncoding = 4; lastKnownFileType = sourcecode.cpp.cpp; path = BaekJoon1546.cpp; sourceTree = "<group>"; };
		4334AA1524DD971100B5949E /* BaekJoon1076.cpp */ = {isa = PBXFileReference; lastKnownFileType = sourcecode.cpp.cpp; path = BaekJoon1076.cpp; sourceTree = "<group>"; };
		4334AA1724DDA0A700B5949E /* BaekJoon1302.cpp */ = {isa = PBXFileReference; lastKnownFileType = sourcecode.cpp.cpp; path = BaekJoon1302.cpp; sourceTree = "<group>"; };
		4334AA1924DDA53000B5949E /* BaekJoon1764.cpp */ = {isa = PBXFileReference; lastKnownFileType = sourcecode.cpp.cpp; path = BaekJoon1764.cpp; sourceTree = "<group>"; };
		43400AB924D41DEB00F2E6DF /* BaekJoon1296.cpp */ = {isa = PBXFileReference; lastKnownFileType = sourcecode.cpp.cpp; path = BaekJoon1296.cpp; sourceTree = "<group>"; };
		43400ABB24D4490600F2E6DF /* BaekJoon15702.cpp */ = {isa = PBXFileReference; lastKnownFileType = sourcecode.cpp.cpp; path = BaekJoon15702.cpp; sourceTree = "<group>"; };
		43400ABD24D44BEC00F2E6DF /* BaekJoon16435.cpp */ = {isa = PBXFileReference; lastKnownFileType = sourcecode.cpp.cpp; path = BaekJoon16435.cpp; sourceTree = "<group>"; };
		43400AC224D44FA300F2E6DF /* BaekJoon15237.cpp */ = {isa = PBXFileReference; lastKnownFileType = sourcecode.cpp.cpp; path = BaekJoon15237.cpp; sourceTree = "<group>"; };
		43400AC724D467AD00F2E6DF /* BaekJoon2230.cpp */ = {isa = PBXFileReference; lastKnownFileType = sourcecode.cpp.cpp; path = BaekJoon2230.cpp; sourceTree = "<group>"; };
		43400AC924D467AD00F2E6DF /* BaekJoon2774.cpp */ = {isa = PBXFileReference; fileEncoding = 4; lastKnownFileType = sourcecode.cpp.cpp; path = BaekJoon2774.cpp; sourceTree = "<group>"; };
		434210F424D58EF500E0A255 /* P2071.cpp */ = {isa = PBXFileReference; lastKnownFileType = sourcecode.cpp.cpp; path = P2071.cpp; sourceTree = "<group>"; };
		434210F724D5B86800E0A255 /* BaekJoon1940.cpp */ = {isa = PBXFileReference; lastKnownFileType = sourcecode.cpp.cpp; path = BaekJoon1940.cpp; sourceTree = "<group>"; };
		434210F924D5D0C400E0A255 /* P2056.cpp */ = {isa = PBXFileReference; lastKnownFileType = sourcecode.cpp.cpp; path = P2056.cpp; sourceTree = "<group>"; };
		43448F6A24DAD8FC0041EFA6 /* Map.cpp */ = {isa = PBXFileReference; lastKnownFileType = sourcecode.cpp.cpp; path = Map.cpp; sourceTree = "<group>"; };
		43448F6C24DAFFD80041EFA6 /* TwoSum.cpp */ = {isa = PBXFileReference; lastKnownFileType = sourcecode.cpp.cpp; path = TwoSum.cpp; sourceTree = "<group>"; };
		4351A49124CC8083006AC896 /* Fibonacci.cpp */ = {isa = PBXFileReference; lastKnownFileType = sourcecode.cpp.cpp; path = Fibonacci.cpp; sourceTree = "<group>"; };
		4351A49424CC8A8A006AC896 /* BaekJoon11767.cpp */ = {isa = PBXFileReference; lastKnownFileType = sourcecode.cpp.cpp; path = BaekJoon11767.cpp; sourceTree = "<group>"; };
		4351A49624CC8F1B006AC896 /* BaekJoon11726.cpp */ = {isa = PBXFileReference; lastKnownFileType = sourcecode.cpp.cpp; path = BaekJoon11726.cpp; sourceTree = "<group>"; };
		4351A49924CC9082006AC896 /* BaekJoon2133.cpp */ = {isa = PBXFileReference; lastKnownFileType = sourcecode.cpp.cpp; path = BaekJoon2133.cpp; sourceTree = "<group>"; };
		43587E4024B974CA008B10A7 /* BaekJoon2884.cpp */ = {isa = PBXFileReference; lastKnownFileType = sourcecode.cpp.cpp; path = BaekJoon2884.cpp; sourceTree = "<group>"; };
		43623F1A24D58C8000F36D4F /* P2072.cpp */ = {isa = PBXFileReference; lastKnownFileType = sourcecode.cpp.cpp; path = P2072.cpp; sourceTree = "<group>"; };
		43655F6A24E00C9B00DB0696 /* 큰 수의 법칙.cpp */ = {isa = PBXFileReference; lastKnownFileType = sourcecode.cpp.cpp; path = "큰 수의 법칙.cpp"; sourceTree = "<group>"; };
		43655F6E24E02BF000DB0696 /* 숫자 카드 게임.cpp */ = {isa = PBXFileReference; lastKnownFileType = sourcecode.cpp.cpp; path = "숫자 카드 게임.cpp"; sourceTree = "<group>"; };
		43655F7024E02E8F00DB0696 /* 1이 될 때까지.cpp */ = {isa = PBXFileReference; lastKnownFileType = sourcecode.cpp.cpp; path = "1이 될 때까지.cpp"; sourceTree = "<group>"; };
		4368CEDD24D70267005E2FC7 /* BaekJoon2875.cpp */ = {isa = PBXFileReference; lastKnownFileType = sourcecode.cpp.cpp; path = BaekJoon2875.cpp; sourceTree = "<group>"; };
		4368CEDF24D70879005E2FC7 /* BaekJoon10610.cpp */ = {isa = PBXFileReference; lastKnownFileType = sourcecode.cpp.cpp; path = BaekJoon10610.cpp; sourceTree = "<group>"; };
		436ADEDD24D7D34B00FA304E /* GroupAnagrams.cpp */ = {isa = PBXFileReference; lastKnownFileType = sourcecode.cpp.cpp; path = GroupAnagrams.cpp; sourceTree = "<group>"; };
		4374463E24C429AA002B03C9 /* BaekJoon2959.cpp */ = {isa = PBXFileReference; fileEncoding = 4; lastKnownFileType = sourcecode.cpp.cpp; path = BaekJoon2959.cpp; sourceTree = "<group>"; };
		4374464024C43882002B03C9 /* BaekJoon10867.cpp */ = {isa = PBXFileReference; fileEncoding = 4; lastKnownFileType = sourcecode.cpp.cpp; path = BaekJoon10867.cpp; sourceTree = "<group>"; };
		4374464324C46564002B03C9 /* UnionFind.cpp */ = {isa = PBXFileReference; lastKnownFileType = sourcecode.cpp.cpp; path = UnionFind.cpp; sourceTree = "<group>"; };
		4395BE3324C015E100755E63 /* BaekJoon10808.cpp */ = {isa = PBXFileReference; lastKnownFileType = sourcecode.cpp.cpp; path = BaekJoon10808.cpp; sourceTree = "<group>"; };
		4396890324C8327600BA639A /* BaekJoon11651.cpp */ = {isa = PBXFileReference; lastKnownFileType = sourcecode.cpp.cpp; path = BaekJoon11651.cpp; sourceTree = "<group>"; };
		4396890724C8423B00BA639A /* DepthFirstSearch2nd.cpp */ = {isa = PBXFileReference; lastKnownFileType = sourcecode.cpp.cpp; path = DepthFirstSearch2nd.cpp; sourceTree = "<group>"; };
		4396890D24C87DE800BA639A /* BaekJoon11652.cpp */ = {isa = PBXFileReference; lastKnownFileType = sourcecode.cpp.cpp; path = BaekJoon11652.cpp; sourceTree = "<group>"; };
		4396890F24C89C9800BA639A /* BaekJoon3020N.cpp */ = {isa = PBXFileReference; lastKnownFileType = sourcecode.cpp.cpp; path = BaekJoon3020N.cpp; sourceTree = "<group>"; };
		439766C124CF061B0012FEEA /* BaekJoon11399.cpp */ = {isa = PBXFileReference; lastKnownFileType = sourcecode.cpp.cpp; path = BaekJoon11399.cpp; sourceTree = "<group>"; };
		439766C324CF09850012FEEA /* BaekJoon11047.cpp */ = {isa = PBXFileReference; lastKnownFileType = sourcecode.cpp.cpp; path = BaekJoon11047.cpp; sourceTree = "<group>"; };
		4397720824CD3F7B005EDDB7 /* BaekJoon14852.cpp */ = {isa = PBXFileReference; lastKnownFileType = sourcecode.cpp.cpp; path = BaekJoon14852.cpp; sourceTree = "<group>"; };
		4397B94724C9CD7D009A0EDA /* BaekJoon1599.cpp */ = {isa = PBXFileReference; lastKnownFileType = sourcecode.cpp.cpp; path = BaekJoon1599.cpp; sourceTree = "<group>"; };
		4397B94924C9DB7B009A0EDA /* BaekJoon1213.cpp */ = {isa = PBXFileReference; lastKnownFileType = sourcecode.cpp.cpp; path = BaekJoon1213.cpp; sourceTree = "<group>"; };
		4397B94D24C9F403009A0EDA /* BaekJoon2870.cpp */ = {isa = PBXFileReference; lastKnownFileType = sourcecode.cpp.cpp; path = BaekJoon2870.cpp; sourceTree = "<group>"; };
		4397B94F24C9FFA7009A0EDA /* BaekJoon2012.cpp */ = {isa = PBXFileReference; lastKnownFileType = sourcecode.cpp.cpp; path = BaekJoon2012.cpp; sourceTree = "<group>"; };
		439A671F24C6B18200FC4960 /* BaekJoon4179.cpp */ = {isa = PBXFileReference; lastKnownFileType = sourcecode.cpp.cpp; path = BaekJoon4179.cpp; sourceTree = "<group>"; };
		439FDF4624B8AB2900B77485 /* BaekJoon2752.cpp */ = {isa = PBXFileReference; lastKnownFileType = sourcecode.cpp.cpp; path = BaekJoon2752.cpp; sourceTree = "<group>"; };
		439FDF4824B8AD5300B77485 /* BaekJoon2750.cpp */ = {isa = PBXFileReference; lastKnownFileType = sourcecode.cpp.cpp; path = BaekJoon2750.cpp; sourceTree = "<group>"; };
		439FDF4A24B8AD6200B77485 /* BaekJoon2751.cpp */ = {isa = PBXFileReference; lastKnownFileType = sourcecode.cpp.cpp; path = BaekJoon2751.cpp; sourceTree = "<group>"; };
		43A2285724BF316400531B47 /* BaekJoon1015.cpp */ = {isa = PBXFileReference; lastKnownFileType = sourcecode.cpp.cpp; path = BaekJoon1015.cpp; sourceTree = "<group>"; };
		43A2285924BF523A00531B47 /* BaekJoon5648.cpp */ = {isa = PBXFileReference; lastKnownFileType = sourcecode.cpp.cpp; path = BaekJoon5648.cpp; sourceTree = "<group>"; };
		43A3199724C2015A0069523E /* BaekJoon11004.cpp */ = {isa = PBXFileReference; lastKnownFileType = sourcecode.cpp.cpp; path = BaekJoon11004.cpp; sourceTree = "<group>"; };
		43A36AF424BD97F000AC127C /* CountingSort.cpp */ = {isa = PBXFileReference; lastKnownFileType = sourcecode.cpp.cpp; path = CountingSort.cpp; sourceTree = "<group>"; };
		43A36AF724BDA09500AC127C /* Tree.md */ = {isa = PBXFileReference; lastKnownFileType = net.daringfireball.markdown; path = Tree.md; sourceTree = "<group>"; };
		43A36AF824BDAC0800AC127C /* BaekJoon1181.cpp */ = {isa = PBXFileReference; lastKnownFileType = sourcecode.cpp.cpp; path = BaekJoon1181.cpp; sourceTree = "<group>"; };
		43A36AFA24BDAC1D00AC127C /* BaekJoon1431.cpp */ = {isa = PBXFileReference; lastKnownFileType = sourcecode.cpp.cpp; path = BaekJoon1431.cpp; sourceTree = "<group>"; };
		43A6477124B713C90011AE16 /* QuickSort.cpp */ = {isa = PBXFileReference; lastKnownFileType = sourcecode.cpp.cpp; path = QuickSort.cpp; sourceTree = "<group>"; };
		43AC4AE524B6E79F00413C3A /* InsertionSort.cpp */ = {isa = PBXFileReference; lastKnownFileType = sourcecode.cpp.cpp; path = InsertionSort.cpp; sourceTree = "<group>"; };
		43ADC2F624C0B7CF00C15DA5 /* BreadthFirstSearch.cpp */ = {isa = PBXFileReference; lastKnownFileType = sourcecode.cpp.cpp; path = BreadthFirstSearch.cpp; sourceTree = "<group>"; };
		43ADC2F824C0B86800C15DA5 /* Stack.cpp */ = {isa = PBXFileReference; lastKnownFileType = sourcecode.cpp.cpp; path = Stack.cpp; sourceTree = "<group>"; };
		43ADC2FA24C0B8F400C15DA5 /* Queue.cpp */ = {isa = PBXFileReference; lastKnownFileType = sourcecode.cpp.cpp; path = Queue.cpp; sourceTree = "<group>"; };
		43B64D6224CAAE68008FB27A /* BaekJoon10825.cpp */ = {isa = PBXFileReference; lastKnownFileType = sourcecode.cpp.cpp; path = BaekJoon10825.cpp; sourceTree = "<group>"; };
		43B64D6524CADDF5008FB27A /* BaekJoon1059.cpp */ = {isa = PBXFileReference; lastKnownFileType = sourcecode.cpp.cpp; path = BaekJoon1059.cpp; sourceTree = "<group>"; };
		43B64D6724CB21CB008FB27A /* BaekJoon1092.cpp */ = {isa = PBXFileReference; lastKnownFileType = sourcecode.cpp.cpp; path = BaekJoon1092.cpp; sourceTree = "<group>"; };
		43B64D6924CB354A008FB27A /* BaekJoon1205.cpp */ = {isa = PBXFileReference; lastKnownFileType = sourcecode.cpp.cpp; path = BaekJoon1205.cpp; sourceTree = "<group>"; };
		43C4DBA624B8BD340003C8AE /* MergeSort.cpp */ = {isa = PBXFileReference; lastKnownFileType = sourcecode.cpp.cpp; path = MergeSort.cpp; sourceTree = "<group>"; };
		43C4DBA824B8D0280003C8AE /* SortSTL.cpp */ = {isa = PBXFileReference; lastKnownFileType = sourcecode.cpp.cpp; path = SortSTL.cpp; sourceTree = "<group>"; };
		43DC51EA24C3375B00309A47 /* temp.cpp */ = {isa = PBXFileReference; lastKnownFileType = sourcecode.cpp.cpp; path = temp.cpp; sourceTree = "<group>"; };
		43DC51ED24C33D7700309A47 /* BaekJoon3047.cpp */ = {isa = PBXFileReference; lastKnownFileType = sourcecode.cpp.cpp; path = BaekJoon3047.cpp; sourceTree = "<group>"; };
		43DC51EF24C3407800309A47 /* BaekJoon2399.cpp */ = {isa = PBXFileReference; lastKnownFileType = sourcecode.cpp.cpp; path = BaekJoon2399.cpp; sourceTree = "<group>"; };
		43DC51F224C3491100309A47 /* BaekJoon2178.cpp */ = {isa = PBXFileReference; lastKnownFileType = sourcecode.cpp.cpp; path = BaekJoon2178.cpp; sourceTree = "<group>"; };
		43DC51F524C354F100309A47 /* BaekJoon2941.cpp */ = {isa = PBXFileReference; lastKnownFileType = sourcecode.cpp.cpp; path = BaekJoon2941.cpp; sourceTree = "<group>"; };
		43F454FB24C5F59400B61F34 /* BreadthFirstSearch2nd.cpp */ = {isa = PBXFileReference; lastKnownFileType = sourcecode.cpp.cpp; path = BreadthFirstSearch2nd.cpp; sourceTree = "<group>"; };
		43F454FD24C5FB8100B61F34 /* BaekJoon1926.cpp */ = {isa = PBXFileReference; lastKnownFileType = sourcecode.cpp.cpp; path = BaekJoon1926.cpp; sourceTree = "<group>"; };
		43F4550024C6054500B61F34 /* BaekJoon7576.cpp */ = {isa = PBXFileReference; lastKnownFileType = sourcecode.cpp.cpp; path = BaekJoon7576.cpp; sourceTree = "<group>"; };
		43FD8AE724C1D3D100EDB423 /* DepthFirstSearch.cpp */ = {isa = PBXFileReference; lastKnownFileType = sourcecode.cpp.cpp; path = DepthFirstSearch.cpp; sourceTree = "<group>"; };
		43FD8AEC24C1F60C00EDB423 /* BaekJoon1260.cpp */ = {isa = PBXFileReference; lastKnownFileType = sourcecode.cpp.cpp; path = BaekJoon1260.cpp; sourceTree = "<group>"; };
/* End PBXFileReference section */

/* Begin PBXFrameworksBuildPhase section */
		431AD72224B61A1200F1C3EB /* Frameworks */ = {
			isa = PBXFrameworksBuildPhase;
			buildActionMask = 2147483647;
			files = (
			);
			runOnlyForDeploymentPostprocessing = 0;
		};
/* End PBXFrameworksBuildPhase section */

/* Begin PBXGroup section */
		430FB7D724BAF289004FCD56 /* Advanced */ = {
			isa = PBXGroup;
			children = (
				430FB7CF24BAE0C0004FCD56 /* BaekJoon1427.cpp */,
				430FB7D524BAEFE1004FCD56 /* BaekJoon11650.cpp */,
				430FB7D824BAF3EE004FCD56 /* BaekJoon1517.cpp */,
			);
			path = Advanced;
			sourceTree = "<group>";
		};
		430FB7DC24BB142A004FCD56 /* DataStructure */ = {
			isa = PBXGroup;
			children = (
				43A36AF624BD9FCD00AC127C /* Tree */,
				43ADC2F824C0B86800C15DA5 /* Stack.cpp */,
				43ADC2FA24C0B8F400C15DA5 /* Queue.cpp */,
				43448F6A24DAD8FC0041EFA6 /* Map.cpp */,
			);
			path = DataStructure;
			sourceTree = "<group>";
		};
		431AD71C24B61A1200F1C3EB = {
			isa = PBXGroup;
			children = (
				431AD72724B61A1200F1C3EB /* Algorithm */,
				431AD72624B61A1200F1C3EB /* Products */,
			);
			sourceTree = "<group>";
		};
		431AD72624B61A1200F1C3EB /* Products */ = {
			isa = PBXGroup;
			children = (
				431AD72524B61A1200F1C3EB /* Algorithm */,
			);
			name = Products;
			sourceTree = "<group>";
		};
		431AD72724B61A1200F1C3EB /* Algorithm */ = {
			isa = PBXGroup;
			children = (
				430FB7DC24BB142A004FCD56 /* DataStructure */,
				431AD73524B61AE200F1C3EB /* Introduce.md */,
				439FDF4524B8AAB600B77485 /* ProblemSolving */,
				431AD73224B61A5300F1C3EB /* SortAlgorithm */,
				43ADC2F524C0B7A100C15DA5 /* SearchAlgorithm */,
				4374464224C46545002B03C9 /* UnionFindAlgorithm */,
				4351A49024CC804F006AC896 /* DynamicProgrammingAlgorithm */,
				439766BF24CF05620012FEEA /* GreedyAlgorithm */,
				431AD72824B61A1200F1C3EB /* main.cpp */,
			);
			path = Algorithm;
			sourceTree = "<group>";
		};
		431AD73224B61A5300F1C3EB /* SortAlgorithm */ = {
			isa = PBXGroup;
			children = (
				431AD73324B61A7100F1C3EB /* BubbleSort.cpp */,
				431AD73624B61E3B00F1C3EB /* SelectionSort.cpp */,
				43AC4AE524B6E79F00413C3A /* InsertionSort.cpp */,
				43A6477124B713C90011AE16 /* QuickSort.cpp */,
				43C4DBA624B8BD340003C8AE /* MergeSort.cpp */,
				43C4DBA824B8D0280003C8AE /* SortSTL.cpp */,
				430FB7DA24BB0A6C004FCD56 /* HeapSort.cpp */,
				43A36AF424BD97F000AC127C /* CountingSort.cpp */,
				43DC51EA24C3375B00309A47 /* temp.cpp */,
			);
			path = SortAlgorithm;
			sourceTree = "<group>";
		};
		4351A49024CC804F006AC896 /* DynamicProgrammingAlgorithm */ = {
			isa = PBXGroup;
			children = (
				4351A49124CC8083006AC896 /* Fibonacci.cpp */,
			);
			path = DynamicProgrammingAlgorithm;
			sourceTree = "<group>";
		};
		4351A49324CC8A66006AC896 /* DynamicProgramming */ = {
			isa = PBXGroup;
			children = (
				4351A49424CC8A8A006AC896 /* BaekJoon11767.cpp */,
				4351A49624CC8F1B006AC896 /* BaekJoon11726.cpp */,
				4351A49924CC9082006AC896 /* BaekJoon2133.cpp */,
				4397720824CD3F7B005EDDB7 /* BaekJoon14852.cpp */,
			);
			path = DynamicProgramming;
			sourceTree = "<group>";
		};
		43587E4224B976BE008B10A7 /* BaekJoonWarmUp */ = {
			isa = PBXGroup;
			children = (
				4320022624D2856B00664D58 /* BaekJoon1546.cpp */,
				43587E4024B974CA008B10A7 /* BaekJoon2884.cpp */,
				43400AC924D467AD00F2E6DF /* BaekJoon2774.cpp */,
				4395BE3324C015E100755E63 /* BaekJoon10808.cpp */,
				43DC51EF24C3407800309A47 /* BaekJoon2399.cpp */,
				4334AA1524DD971100B5949E /* BaekJoon1076.cpp */,
				4334AA1724DDA0A700B5949E /* BaekJoon1302.cpp */,
				4334AA1924DDA53000B5949E /* BaekJoon1764.cpp */,
			);
			path = BaekJoonWarmUp;
			sourceTree = "<group>";
		};
		43623F1924D58C5E00F36D4F /* D1 */ = {
			isa = PBXGroup;
			children = (
				43623F1A24D58C8000F36D4F /* P2072.cpp */,
				434210F424D58EF500E0A255 /* P2071.cpp */,
				434210F924D5D0C400E0A255 /* P2056.cpp */,
			);
			path = D1;
			sourceTree = "<group>";
		};
		43655F6824E00C4C00DB0696 /* 이것이 취업을 위한 코딩테스트다 */ = {
			isa = PBXGroup;
			children = (
				43655F6924E00C6200DB0696 /* Greedy */,
			);
			name = "이것이 취업을 위한 코딩테스트다";
			path = "이것이 취업을 위한 코딩테스트다";
			sourceTree = "<group>";
		};
		43655F6924E00C6200DB0696 /* Greedy */ = {
			isa = PBXGroup;
			children = (
				43655F6A24E00C9B00DB0696 /* 큰 수의 법칙.cpp */,
				43655F6E24E02BF000DB0696 /* 숫자 카드 게임.cpp */,
				43655F7024E02E8F00DB0696 /* 1이 될 때까지.cpp */,
			);
			path = Greedy;
			sourceTree = "<group>";
		};
		436ADED924D7CF6000FA304E /* LeetCode */ = {
			isa = PBXGroup;
			children = (
				436ADEDD24D7D34B00FA304E /* GroupAnagrams.cpp */,
				43448F6C24DAFFD80041EFA6 /* TwoSum.cpp */,
			);
			path = LeetCode;
			sourceTree = "<group>";
		};
		4374464224C46545002B03C9 /* UnionFindAlgorithm */ = {
			isa = PBXGroup;
			children = (
				4374464324C46564002B03C9 /* UnionFind.cpp */,
			);
			path = UnionFindAlgorithm;
			sourceTree = "<group>";
		};
		439766BF24CF05620012FEEA /* GreedyAlgorithm */ = {
			isa = PBXGroup;
			children = (
			);
			path = GreedyAlgorithm;
			sourceTree = "<group>";
		};
		439766C024CF057E0012FEEA /* Greedy */ = {
			isa = PBXGroup;
			children = (
				439766C124CF061B0012FEEA /* BaekJoon11399.cpp */,
				439766C324CF09850012FEEA /* BaekJoon11047.cpp */,
				4368CEDD24D70267005E2FC7 /* BaekJoon2875.cpp */,
				4368CEDF24D70879005E2FC7 /* BaekJoon10610.cpp */,
			);
			path = Greedy;
			sourceTree = "<group>";
		};
		4397720A24CD665E005EDDB7 /* SWExpertAcademy */ = {
			isa = PBXGroup;
			children = (
				43623F1924D58C5E00F36D4F /* D1 */,
				4397720D24CD66D8005EDDB7 /* D2 */,
			);
			path = SWExpertAcademy;
			sourceTree = "<group>";
		};
		4397720D24CD66D8005EDDB7 /* D2 */ = {
			isa = PBXGroup;
			children = (
			);
			path = D2;
			sourceTree = "<group>";
		};
		439FDF4524B8AAB600B77485 /* ProblemSolving */ = {
			isa = PBXGroup;
			children = (
				43655F6824E00C4C00DB0696 /* 이것이 취업을 위한 코딩테스트다 */,
				436ADED924D7CF6000FA304E /* LeetCode */,
				4397720A24CD665E005EDDB7 /* SWExpertAcademy */,
				43587E4224B976BE008B10A7 /* BaekJoonWarmUp */,
				43C4DBA524B8BD1B0003C8AE /* Sort */,
				43FD8AEB24C1F5F300EDB423 /* Search */,
				43DC51F424C354D900309A47 /* String */,
				4351A49324CC8A66006AC896 /* DynamicProgramming */,
				439766C024CF057E0012FEEA /* Greedy */,
				43C4F49D24D9A9F70071E19D /* BackTracking */,
			);
			path = ProblemSolving;
			sourceTree = "<group>";
		};
		43A36AF624BD9FCD00AC127C /* Tree */ = {
			isa = PBXGroup;
			children = (
				43A36AF724BDA09500AC127C /* Tree.md */,
			);
			path = Tree;
			sourceTree = "<group>";
		};
		43ADC2F524C0B7A100C15DA5 /* SearchAlgorithm */ = {
			isa = PBXGroup;
			children = (
				43ADC2F624C0B7CF00C15DA5 /* BreadthFirstSearch.cpp */,
				43F454FB24C5F59400B61F34 /* BreadthFirstSearch2nd.cpp */,
				43FD8AE724C1D3D100EDB423 /* DepthFirstSearch.cpp */,
				4396890724C8423B00BA639A /* DepthFirstSearch2nd.cpp */,
			);
			path = SearchAlgorithm;
			sourceTree = "<group>";
		};
		43C4DBA524B8BD1B0003C8AE /* Sort */ = {
			isa = PBXGroup;
			children = (
				430FB7D724BAF289004FCD56 /* Advanced */,
				439FDF4824B8AD5300B77485 /* BaekJoon2750.cpp */,
				439FDF4A24B8AD6200B77485 /* BaekJoon2751.cpp */,
				439FDF4624B8AB2900B77485 /* BaekJoon2752.cpp */,
				43DC51ED24C33D7700309A47 /* BaekJoon3047.cpp */,
				4374463E24C429AA002B03C9 /* BaekJoon2959.cpp */,
				430FB7D124BAE326004FCD56 /* BaekJoon10989.cpp */,
				430FB7D324BAE674004FCD56 /* BaekJoon1026.cpp */,
				43A36AF824BDAC0800AC127C /* BaekJoon1181.cpp */,
				43A36AFA24BDAC1D00AC127C /* BaekJoon1431.cpp */,
				43A2285724BF316400531B47 /* BaekJoon1015.cpp */,
				43A2285924BF523A00531B47 /* BaekJoon5648.cpp */,
				4374464024C43882002B03C9 /* BaekJoon10867.cpp */,
				43A3199724C2015A0069523E /* BaekJoon11004.cpp */,
				4396890324C8327600BA639A /* BaekJoon11651.cpp */,
				4396890D24C87DE800BA639A /* BaekJoon11652.cpp */,
				4396890F24C89C9800BA639A /* BaekJoon3020N.cpp */,
				4397B94724C9CD7D009A0EDA /* BaekJoon1599.cpp */,
				4397B94924C9DB7B009A0EDA /* BaekJoon1213.cpp */,
				4397B94D24C9F403009A0EDA /* BaekJoon2870.cpp */,
				4397B94F24C9FFA7009A0EDA /* BaekJoon2012.cpp */,
				43B64D6224CAAE68008FB27A /* BaekJoon10825.cpp */,
				43B64D6524CADDF5008FB27A /* BaekJoon1059.cpp */,
				43B64D6724CB21CB008FB27A /* BaekJoon1092.cpp */,
				43B64D6924CB354A008FB27A /* BaekJoon1205.cpp */,
				43400AB924D41DEB00F2E6DF /* BaekJoon1296.cpp */,
				43400ABB24D4490600F2E6DF /* BaekJoon15702.cpp */,
				43400ABD24D44BEC00F2E6DF /* BaekJoon16435.cpp */,
				43400AC224D44FA300F2E6DF /* BaekJoon15237.cpp */,
				43400AC724D467AD00F2E6DF /* BaekJoon2230.cpp */,
				434210F724D5B86800E0A255 /* BaekJoon1940.cpp */,
			);
			path = Sort;
			sourceTree = "<group>";
		};
		43C4F49D24D9A9F70071E19D /* BackTracking */ = {
			isa = PBXGroup;
			children = (
			);
			path = BackTracking;
			sourceTree = "<group>";
		};
		43DC51F424C354D900309A47 /* String */ = {
			isa = PBXGroup;
			children = (
				43DC51F524C354F100309A47 /* BaekJoon2941.cpp */,
			);
			path = String;
			sourceTree = "<group>";
		};
		43FD8AEB24C1F5F300EDB423 /* Search */ = {
			isa = PBXGroup;
			children = (
				43FD8AEC24C1F60C00EDB423 /* BaekJoon1260.cpp */,
				43DC51F224C3491100309A47 /* BaekJoon2178.cpp */,
				43F454FD24C5FB8100B61F34 /* BaekJoon1926.cpp */,
				43F4550024C6054500B61F34 /* BaekJoon7576.cpp */,
				439A671F24C6B18200FC4960 /* BaekJoon4179.cpp */,
			);
			path = Search;
			sourceTree = "<group>";
		};
/* End PBXGroup section */

/* Begin PBXNativeTarget section */
		431AD72424B61A1200F1C3EB /* Algorithm */ = {
			isa = PBXNativeTarget;
			buildConfigurationList = 431AD72C24B61A1200F1C3EB /* Build configuration list for PBXNativeTarget "Algorithm" */;
			buildPhases = (
				431AD72124B61A1200F1C3EB /* Sources */,
				431AD72224B61A1200F1C3EB /* Frameworks */,
				431AD72324B61A1200F1C3EB /* CopyFiles */,
			);
			buildRules = (
			);
			dependencies = (
			);
			name = Algorithm;
			productName = Algorithm;
			productReference = 431AD72524B61A1200F1C3EB /* Algorithm */;
			productType = "com.apple.product-type.tool";
		};
/* End PBXNativeTarget section */

/* Begin PBXProject section */
		431AD71D24B61A1200F1C3EB /* Project object */ = {
			isa = PBXProject;
			attributes = {
				LastUpgradeCheck = 1150;
				ORGANIZATIONNAME = "YooBin Jo";
				TargetAttributes = {
					431AD72424B61A1200F1C3EB = {
						CreatedOnToolsVersion = 11.5;
					};
				};
			};
			buildConfigurationList = 431AD72024B61A1200F1C3EB /* Build configuration list for PBXProject "Algorithm" */;
			compatibilityVersion = "Xcode 9.3";
			developmentRegion = en;
			hasScannedForEncodings = 0;
			knownRegions = (
				en,
				Base,
			);
			mainGroup = 431AD71C24B61A1200F1C3EB;
			productRefGroup = 431AD72624B61A1200F1C3EB /* Products */;
			projectDirPath = "";
			projectRoot = "";
			targets = (
				431AD72424B61A1200F1C3EB /* Algorithm */,
			);
		};
/* End PBXProject section */

/* Begin PBXSourcesBuildPhase section */
		431AD72124B61A1200F1C3EB /* Sources */ = {
			isa = PBXSourcesBuildPhase;
			buildActionMask = 2147483647;
			files = (
			);
			runOnlyForDeploymentPostprocessing = 0;
		};
/* End PBXSourcesBuildPhase section */

/* Begin XCBuildConfiguration section */
		431AD72A24B61A1200F1C3EB /* Debug */ = {
			isa = XCBuildConfiguration;
			buildSettings = {
				ALWAYS_SEARCH_USER_PATHS = NO;
				CLANG_ANALYZER_NONNULL = YES;
				CLANG_ANALYZER_NUMBER_OBJECT_CONVERSION = YES_AGGRESSIVE;
				CLANG_CXX_LANGUAGE_STANDARD = "gnu++14";
				CLANG_CXX_LIBRARY = "libc++";
				CLANG_ENABLE_MODULES = YES;
				CLANG_ENABLE_OBJC_ARC = YES;
				CLANG_ENABLE_OBJC_WEAK = YES;
				CLANG_WARN_BLOCK_CAPTURE_AUTORELEASING = YES;
				CLANG_WARN_BOOL_CONVERSION = YES;
				CLANG_WARN_COMMA = YES;
				CLANG_WARN_CONSTANT_CONVERSION = YES;
				CLANG_WARN_DEPRECATED_OBJC_IMPLEMENTATIONS = YES;
				CLANG_WARN_DIRECT_OBJC_ISA_USAGE = YES_ERROR;
				CLANG_WARN_DOCUMENTATION_COMMENTS = YES;
				CLANG_WARN_EMPTY_BODY = YES;
				CLANG_WARN_ENUM_CONVERSION = YES;
				CLANG_WARN_INFINITE_RECURSION = YES;
				CLANG_WARN_INT_CONVERSION = YES;
				CLANG_WARN_NON_LITERAL_NULL_CONVERSION = YES;
				CLANG_WARN_OBJC_IMPLICIT_RETAIN_SELF = YES;
				CLANG_WARN_OBJC_LITERAL_CONVERSION = YES;
				CLANG_WARN_OBJC_ROOT_CLASS = YES_ERROR;
				CLANG_WARN_RANGE_LOOP_ANALYSIS = YES;
				CLANG_WARN_STRICT_PROTOTYPES = YES;
				CLANG_WARN_SUSPICIOUS_MOVE = YES;
				CLANG_WARN_UNGUARDED_AVAILABILITY = YES_AGGRESSIVE;
				CLANG_WARN_UNREACHABLE_CODE = YES;
				CLANG_WARN__DUPLICATE_METHOD_MATCH = YES;
				COPY_PHASE_STRIP = NO;
				DEBUG_INFORMATION_FORMAT = dwarf;
				ENABLE_STRICT_OBJC_MSGSEND = YES;
				ENABLE_TESTABILITY = YES;
				GCC_C_LANGUAGE_STANDARD = gnu11;
				GCC_DYNAMIC_NO_PIC = NO;
				GCC_NO_COMMON_BLOCKS = YES;
				GCC_OPTIMIZATION_LEVEL = 0;
				GCC_PREPROCESSOR_DEFINITIONS = (
					"DEBUG=1",
					"$(inherited)",
				);
				GCC_WARN_64_TO_32_BIT_CONVERSION = YES;
				GCC_WARN_ABOUT_RETURN_TYPE = YES_ERROR;
				GCC_WARN_UNDECLARED_SELECTOR = YES;
				GCC_WARN_UNINITIALIZED_AUTOS = YES_AGGRESSIVE;
				GCC_WARN_UNUSED_FUNCTION = YES;
				GCC_WARN_UNUSED_VARIABLE = YES;
				MACOSX_DEPLOYMENT_TARGET = 10.15;
				MTL_ENABLE_DEBUG_INFO = INCLUDE_SOURCE;
				MTL_FAST_MATH = YES;
				ONLY_ACTIVE_ARCH = YES;
				SDKROOT = macosx;
			};
			name = Debug;
		};
		431AD72B24B61A1200F1C3EB /* Release */ = {
			isa = XCBuildConfiguration;
			buildSettings = {
				ALWAYS_SEARCH_USER_PATHS = NO;
				CLANG_ANALYZER_NONNULL = YES;
				CLANG_ANALYZER_NUMBER_OBJECT_CONVERSION = YES_AGGRESSIVE;
				CLANG_CXX_LANGUAGE_STANDARD = "gnu++14";
				CLANG_CXX_LIBRARY = "libc++";
				CLANG_ENABLE_MODULES = YES;
				CLANG_ENABLE_OBJC_ARC = YES;
				CLANG_ENABLE_OBJC_WEAK = YES;
				CLANG_WARN_BLOCK_CAPTURE_AUTORELEASING = YES;
				CLANG_WARN_BOOL_CONVERSION = YES;
				CLANG_WARN_COMMA = YES;
				CLANG_WARN_CONSTANT_CONVERSION = YES;
				CLANG_WARN_DEPRECATED_OBJC_IMPLEMENTATIONS = YES;
				CLANG_WARN_DIRECT_OBJC_ISA_USAGE = YES_ERROR;
				CLANG_WARN_DOCUMENTATION_COMMENTS = YES;
				CLANG_WARN_EMPTY_BODY = YES;
				CLANG_WARN_ENUM_CONVERSION = YES;
				CLANG_WARN_INFINITE_RECURSION = YES;
				CLANG_WARN_INT_CONVERSION = YES;
				CLANG_WARN_NON_LITERAL_NULL_CONVERSION = YES;
				CLANG_WARN_OBJC_IMPLICIT_RETAIN_SELF = YES;
				CLANG_WARN_OBJC_LITERAL_CONVERSION = YES;
				CLANG_WARN_OBJC_ROOT_CLASS = YES_ERROR;
				CLANG_WARN_RANGE_LOOP_ANALYSIS = YES;
				CLANG_WARN_STRICT_PROTOTYPES = YES;
				CLANG_WARN_SUSPICIOUS_MOVE = YES;
				CLANG_WARN_UNGUARDED_AVAILABILITY = YES_AGGRESSIVE;
				CLANG_WARN_UNREACHABLE_CODE = YES;
				CLANG_WARN__DUPLICATE_METHOD_MATCH = YES;
				COPY_PHASE_STRIP = NO;
				DEBUG_INFORMATION_FORMAT = "dwarf-with-dsym";
				ENABLE_NS_ASSERTIONS = NO;
				ENABLE_STRICT_OBJC_MSGSEND = YES;
				GCC_C_LANGUAGE_STANDARD = gnu11;
				GCC_NO_COMMON_BLOCKS = YES;
				GCC_WARN_64_TO_32_BIT_CONVERSION = YES;
				GCC_WARN_ABOUT_RETURN_TYPE = YES_ERROR;
				GCC_WARN_UNDECLARED_SELECTOR = YES;
				GCC_WARN_UNINITIALIZED_AUTOS = YES_AGGRESSIVE;
				GCC_WARN_UNUSED_FUNCTION = YES;
				GCC_WARN_UNUSED_VARIABLE = YES;
				MACOSX_DEPLOYMENT_TARGET = 10.15;
				MTL_ENABLE_DEBUG_INFO = NO;
				MTL_FAST_MATH = YES;
				SDKROOT = macosx;
			};
			name = Release;
		};
		431AD72D24B61A1200F1C3EB /* Debug */ = {
			isa = XCBuildConfiguration;
			buildSettings = {
				CODE_SIGN_STYLE = Automatic;
				DEVELOPMENT_TEAM = 6M94RM5DH9;
				ENABLE_HARDENED_RUNTIME = YES;
				PRODUCT_NAME = "$(TARGET_NAME)";
			};
			name = Debug;
		};
		431AD72E24B61A1200F1C3EB /* Release */ = {
			isa = XCBuildConfiguration;
			buildSettings = {
				CODE_SIGN_STYLE = Automatic;
				DEVELOPMENT_TEAM = 6M94RM5DH9;
				ENABLE_HARDENED_RUNTIME = YES;
				PRODUCT_NAME = "$(TARGET_NAME)";
			};
			name = Release;
		};
/* End XCBuildConfiguration section */

/* Begin XCConfigurationList section */
		431AD72024B61A1200F1C3EB /* Build configuration list for PBXProject "Algorithm" */ = {
			isa = XCConfigurationList;
			buildConfigurations = (
				431AD72A24B61A1200F1C3EB /* Debug */,
				431AD72B24B61A1200F1C3EB /* Release */,
			);
			defaultConfigurationIsVisible = 0;
			defaultConfigurationName = Release;
		};
		431AD72C24B61A1200F1C3EB /* Build configuration list for PBXNativeTarget "Algorithm" */ = {
			isa = XCConfigurationList;
			buildConfigurations = (
				431AD72D24B61A1200F1C3EB /* Debug */,
				431AD72E24B61A1200F1C3EB /* Release */,
			);
			defaultConfigurationIsVisible = 0;
			defaultConfigurationName = Release;
		};
/* End XCConfigurationList section */
	};
	rootObject = 431AD71D24B61A1200F1C3EB /* Project object */;
}
